
Microsoft Visual Studio Solution File, Format Version 12.00
# Visual Studio Version 17
VisualStudioVersion = 17.6.33815.320
MinimumVisualStudioVersion = 10.0.40219.1
Project("{FAE04EC0-301F-11D3-BF4B-00C04F79EFBC}") = "MOTDGen", "MOTDGen\MOTDGen.csproj", "{D360ACDF-F8E1-4031-AB72-135851E575B1}"
EndProject
Global
	GlobalSection(SolutionConfigurationPlatforms) = preSolution
		Debug|Any CPU = Debug|Any CPU
		Release|Any CPU = Release|Any CPU
	EndGlobalSection
	GlobalSection(ProjectConfigurationPlatforms) = postSolution
		{D360ACDF-F8E1-4031-AB72-135851E575B1}.Debug|Any CPU.ActiveCfg = Debug|Any CPU
		{D360ACDF-F8E1-4031-AB72-135851E575B1}.Debug|Any CPU.Build.0 = Debug|Any CPU
		{D360ACDF-F8E1-4031-AB72-135851E575B1}.Release|Any CPU.ActiveCfg = Release|Any CPU
		{D360ACDF-F8E1-4031-AB72-135851E575B1}.Release|Any CPU.Build.0 = Release|Any CPU
	EndGlobalSection
	GlobalSection(SolutionProperties) = preSolution
		HideSolutionNode = FALSE
	EndGlobalSection
	GlobalSection(ExtensibilityGlobals) = postSolution
		SolutionGuid = {26921800-1DFC-4B48-8147-1D45B5AF21FA}
	EndGlobalSection
EndGlobal
